github.com/bendahl/uinput v0.0.0-20180503200638-6089bc7274d9/go.mod h1:2JMdx4rrhf/FU24AarB52ZXCaFqJDxYYlWq+uV6bvSE=
github.com/chzyer/readline v0.0.0-20180603132655-2972be24d48e/go.mod h1:nSuG5e5PlCu98SY8svDHJxuZscDgtXS6KTTbou5AhLI=
github.com/mattn/go-runewidth v0.0.3/go.mod h1:LwmH8dsx7+W8Uxz3IHJYH5QSwggIsqBzpuz5H//U1FU=
github.com/nsf/termbox-go v0.0.0-20180819125858-b66b20ab708e/go.mod h1:IuKpRQcYE1Tfu+oAQqaLisqDeXgjyyltCfsaoYN18NQ=
github.com/rakyll/portmidi v0.0.0-20170716032345-1246dd47c560 h1:LxQoLCD5lQzG48j4BYI6CnKNSbnXAL5KL1oZfempXcE=
github.com/rakyll/portmidi v0.0.0-20170716032345-1246dd47c560/go.mod h1:tO1ylmFo6+hnYFvj/fd92q30wkNQwgWC/8mcHq0KkQU=
github.com/simulatedsimian/joystick v1.0.1/go.mod h1:V+4pJKB2SmVXfp8w7EW5RR9InUXO5M/WhVEHwosjujA=
github.com/tajtiattila/vjoy v0.0.0-20141002142150-b263a01f7f14/go.mod h1:kNczauSqoiRyofaTPvzmq98vBh7949UYOhxR7R3RVks=
github.com/ynsta/uinput v0.0.0-20170902160421-4d1af569ef38 h1:nh6PV99BgIfjCuslHHuvqJm3YvZBug0gKY+bQM/oHG8=
github.com/ynsta/uinput v0.0.0-20170902160421-4d1af569ef38/go.mod h1:bXuuPzDmUGbEYbS9/IgTo64xLB5ZyISUDG02SkTZp04=
github.com/yuin/gopher-lua v0.0.0-20180630135845-46796da1b0b4 h1:f6CCNiTjQZ0uWK4jPwhwYB8QIGGfn0ssD9kVzRUUUpk=
github.com/yuin/gopher-lua v0.0.0-20180630135845-46796da1b0b4/go.mod h1:aEV29XrmTYFr3CiRxZeGHpkvbwq+prZduBqMaascyCU=
golang.org/x/sys v0.0.0-20180816055513-1c9583448a9c/go.mod h1:STP8DvDyc/dI5b8T5hshtkjS+E42TnysNCUPdjciGhY=
